
Microsoft Visual Studio Solution File, Format Version 12.00
# Visual Studio Version 17
VisualStudioVersion = 17.5.33414.496
MinimumVisualStudioVersion = 10.0.40219.1
Project("{8BC9CEB8-8B4A-11D0-8D11-00A0C91BC942}") = "Seminar 3 Anul 3", "Seminar 3 Anul 3.vcxproj", "{0A9C6090-72B6-4101-ABBF-B14583773648}"
EndProject
Global
	GlobalSection(SolutionConfigurationPlatforms) = preSolution
		Debug|x64 = Debug|x64
		Debug|x86 = Debug|x86
		Release|x64 = Release|x64
		Release|x86 = Release|x86
	EndGlobalSection
	GlobalSection(ProjectConfigurationPlatforms) = postSolution
		{0A9C6090-72B6-4101-ABBF-B14583773648}.Debug|x64.ActiveCfg = Debug|x64
		{0A9C6090-72B6-4101-ABBF-B14583773648}.Debug|x64.Build.0 = Debug|x64
		{0A9C6090-72B6-4101-ABBF-B14583773648}.Debug|x86.ActiveCfg = Debug|Win32
		{0A9C6090-72B6-4101-ABBF-B14583773648}.Debug|x86.Build.0 = Debug|Win32
		{0A9C6090-72B6-4101-ABBF-B14583773648}.Release|x64.ActiveCfg = Release|x64
		{0A9C6090-72B6-4101-ABBF-B14583773648}.Release|x64.Build.0 = Release|x64
		{0A9C6090-72B6-4101-ABBF-B14583773648}.Release|x86.ActiveCfg = Release|Win32
		{0A9C6090-72B6-4101-ABBF-B14583773648}.Release|x86.Build.0 = Release|Win32
	EndGlobalSection
	GlobalSection(SolutionProperties) = preSolution
		HideSolutionNode = FALSE
	EndGlobalSection
	GlobalSection(ExtensibilityGlobals) = postSolution
		SolutionGuid = {297B8C8D-C467-4F42-A662-7572BE9B1E99}
	EndGlobalSection
EndGlobal
